
Microsoft Visual Studio Solution File, Format Version 12.00
# Visual Studio Version 16
VisualStudioVersion = 16.0.31205.134
MinimumVisualStudioVersion = 10.0.40219.1
Project("{9A19103F-16F7-4668-BE54-9A1E7A4F7556}") = "VisumAPI", "VisumAPI\VisumAPI.csproj", "{C49509CB-41F4-418C-A6D8-3B0658581B03}"
EndProject
Project("{9A19103F-16F7-4668-BE54-9A1E7A4F7556}") = "VisumData", "VisumData\VisumData.csproj", "{B3EC7F45-DED3-43E7-A827-A9A2F8D3214D}"
EndProject
Project("{9A19103F-16F7-4668-BE54-9A1E7A4F7556}") = "VisumDAS", "VisumDAS\VisumDAS.csproj", "{57B24A1A-C818-4459-8E8E-B1F628C0FA01}"
EndProject
Project("{FAE04EC0-301F-11D3-BF4B-00C04F79EFBC}") = "VisumKafkaConsumerAPI", "VisumKafkaConsumerAPI\VisumKafkaConsumerAPI.csproj", "{7C7AA590-BD3D-4E2D-B835-35F3B1E1B06F}"
EndProject
Global
	GlobalSection(SolutionConfigurationPlatforms) = preSolution
		Debug|Any CPU = Debug|Any CPU
		Release|Any CPU = Release|Any CPU
	EndGlobalSection
	GlobalSection(ProjectConfigurationPlatforms) = postSolution
		{C49509CB-41F4-418C-A6D8-3B0658581B03}.Debug|Any CPU.ActiveCfg = Debug|Any CPU
		{C49509CB-41F4-418C-A6D8-3B0658581B03}.Debug|Any CPU.Build.0 = Debug|Any CPU
		{C49509CB-41F4-418C-A6D8-3B0658581B03}.Release|Any CPU.ActiveCfg = Release|Any CPU
		{C49509CB-41F4-418C-A6D8-3B0658581B03}.Release|Any CPU.Build.0 = Release|Any CPU
		{B3EC7F45-DED3-43E7-A827-A9A2F8D3214D}.Debug|Any CPU.ActiveCfg = Debug|Any CPU
		{B3EC7F45-DED3-43E7-A827-A9A2F8D3214D}.Debug|Any CPU.Build.0 = Debug|Any CPU
		{B3EC7F45-DED3-43E7-A827-A9A2F8D3214D}.Release|Any CPU.ActiveCfg = Release|Any CPU
		{B3EC7F45-DED3-43E7-A827-A9A2F8D3214D}.Release|Any CPU.Build.0 = Release|Any CPU
		{57B24A1A-C818-4459-8E8E-B1F628C0FA01}.Debug|Any CPU.ActiveCfg = Debug|Any CPU
		{57B24A1A-C818-4459-8E8E-B1F628C0FA01}.Debug|Any CPU.Build.0 = Debug|Any CPU
		{57B24A1A-C818-4459-8E8E-B1F628C0FA01}.Release|Any CPU.ActiveCfg = Release|Any CPU
		{57B24A1A-C818-4459-8E8E-B1F628C0FA01}.Release|Any CPU.Build.0 = Release|Any CPU
		{7C7AA590-BD3D-4E2D-B835-35F3B1E1B06F}.Debug|Any CPU.ActiveCfg = Debug|Any CPU
		{7C7AA590-BD3D-4E2D-B835-35F3B1E1B06F}.Debug|Any CPU.Build.0 = Debug|Any CPU
		{7C7AA590-BD3D-4E2D-B835-35F3B1E1B06F}.Release|Any CPU.ActiveCfg = Release|Any CPU
		{7C7AA590-BD3D-4E2D-B835-35F3B1E1B06F}.Release|Any CPU.Build.0 = Release|Any CPU
	EndGlobalSection
	GlobalSection(SolutionProperties) = preSolution
		HideSolutionNode = FALSE
	EndGlobalSection
	GlobalSection(ExtensibilityGlobals) = postSolution
		SolutionGuid = {747CDD5F-BF27-48AF-AD60-0EBA4EDBDFAF}
	EndGlobalSection
EndGlobal
